{
  "name": "@wss-/core",
  "version": "1.0.3",
  "lockfileVersion": 2,
  "requires": true,
  "packages": {
    "": {
      "name": "@wss-/core",
      "version": "1.0.3",
      "license": "ISC",
      "dependencies": {
        "@wss-/utils": "file:../utils"
      },
      "bin": {
        "wss": "bin/index.js"
      }
    },
    "../utils": {
      "version": "1.0.3",
      "license": "ISC"
    },
    "node_modules/@wss-/utils": {
      "resolved": "../utils",
      "link": true
    }
  },
  "dependencies": {
    "@wss-/utils": {
      "version": "file:../utils"
    }
  }
}
